
Microsoft Visual Studio Solution File, Format Version 12.00
# Visual Studio Version 17
VisualStudioVersion = 17.5.002.0
MinimumVisualStudioVersion = 10.0.40219.1
Project("{9A19103F-16F7-4668-BE54-9A1E7A4F7556}") = "chatCompletionsAPI", "chatCompletionsAPI\chatCompletionsAPI.csproj", "{B0DF98AA-134F-47C4-8188-C566AB02E11B}"
EndProject
Project("{9A19103F-16F7-4668-BE54-9A1E7A4F7556}") = "codeBuddy", "codeBuddy\codeBuddy.csproj", "{3F13C248-1C51-462B-87AE-3276B82C34EC}"
EndProject
Project("{9A19103F-16F7-4668-BE54-9A1E7A4F7556}") = "summarisation", "summarisation\summarisation.csproj", "{460A9552-8CF7-4BE9-80CA-391E0CE314F3}"
EndProject
Global
	GlobalSection(SolutionConfigurationPlatforms) = preSolution
		Debug|Any CPU = Debug|Any CPU
		Release|Any CPU = Release|Any CPU
	EndGlobalSection
	GlobalSection(ProjectConfigurationPlatforms) = postSolution
		{B0DF98AA-134F-47C4-8188-C566AB02E11B}.Debug|Any CPU.ActiveCfg = Debug|Any CPU
		{B0DF98AA-134F-47C4-8188-C566AB02E11B}.Debug|Any CPU.Build.0 = Debug|Any CPU
		{B0DF98AA-134F-47C4-8188-C566AB02E11B}.Release|Any CPU.ActiveCfg = Release|Any CPU
		{B0DF98AA-134F-47C4-8188-C566AB02E11B}.Release|Any CPU.Build.0 = Release|Any CPU
		{3F13C248-1C51-462B-87AE-3276B82C34EC}.Debug|Any CPU.ActiveCfg = Debug|Any CPU
		{3F13C248-1C51-462B-87AE-3276B82C34EC}.Debug|Any CPU.Build.0 = Debug|Any CPU
		{3F13C248-1C51-462B-87AE-3276B82C34EC}.Release|Any CPU.ActiveCfg = Release|Any CPU
		{3F13C248-1C51-462B-87AE-3276B82C34EC}.Release|Any CPU.Build.0 = Release|Any CPU
		{460A9552-8CF7-4BE9-80CA-391E0CE314F3}.Debug|Any CPU.ActiveCfg = Debug|Any CPU
		{460A9552-8CF7-4BE9-80CA-391E0CE314F3}.Debug|Any CPU.Build.0 = Debug|Any CPU
		{460A9552-8CF7-4BE9-80CA-391E0CE314F3}.Release|Any CPU.ActiveCfg = Release|Any CPU
		{460A9552-8CF7-4BE9-80CA-391E0CE314F3}.Release|Any CPU.Build.0 = Release|Any CPU
	EndGlobalSection
	GlobalSection(SolutionProperties) = preSolution
		HideSolutionNode = FALSE
	EndGlobalSection
	GlobalSection(ExtensibilityGlobals) = postSolution
		SolutionGuid = {CBA3D73A-6919-4AFE-A40C-889B46D6BD2B}
	EndGlobalSection
EndGlobal
